{
  "lockfileVersion": 1,
  "configVersion": 0,
  "workspaces": {
    "": {
      "name": "server",
      "dependencies": {
        "@socket.io/redis-adapter": "^8.3.0",
        "@types/express-session": "^1.18.1",
        "bcryptjs": "^3.0.3",
        "compression": "^1.8.1",
        "connect-typeorm": "^2.0.0",
        "cookie-parser": "^1.4.7",
        "cookie-signature": "^1.2.2",
        "cookies": "^0.9.1",
        "cors": "^2.8.5",
        "csurf": "^1.11.0",
        "dotenv": "^16.4.7",
        "express": "^4.21.2",
        "express-mongo-sanitize": "^2.2.0",
        "express-rate-limit": "^7.5.0",
        "express-session": "^1.18.1",
        "helmet": "^8.0.0",
        "hpp": "^0.2.3",
        "ioredis": "^5.10.1",
        "joi": "^17.13.3",
        "jsonwebtoken": "^9.0.2",
        "mongoose": "^9.6.1",
        "morgan": "^1.10.0",
        "multer": "^2.1.1",
        "nodemailer": "^6.10.0",
        "pino": "^9.6.0",
        "pino-http": "^11.0.0",
        "rate-limit-redis": "^4.3.1",
        "reflect-metadata": "^0.2.2",
        "socket.io": "^4.8.1",
        "tesseract.js": "^7.0.0",
        "uuid": "^14.0.0",
        "xlsx": "^0.18.5",
      },
      "devDependencies": {
        "@types/bcryptjs": "^3.0.0",
        "@types/bun": "latest",
        "@types/compression": "^1.8.1",
        "@types/cookie-parser": "^1.4.10",
        "@types/csurf": "^1.11.5",
        "@types/hpp": "^0.2.7",
        "@types/jsonwebtoken": "^9.0.10",
        "@types/morgan": "^1.9.10",
        "@types/multer": "^2.1.0",
        "tsx": "^4.21.0",
      },
      "peerDependencies": {
        "typescript": "^6.0.3",
      },
    },
  },
  "packages": {
    "@esbuild/win32-x64": ["@esbuild/win32-x64@0.27.7", "", { "os": "win32", "cpu": "x64" }, ""],

    "@hapi/hoek": ["@hapi/hoek@9.3.0", "", {}, ""],

    "@hapi/topo": ["@hapi/topo@5.1.0", "", { "dependencies": { "@hapi/hoek": "^9.0.0" } }, ""],

    "@ioredis/commands": ["@ioredis/commands@1.5.1", "", {}, ""],

    "@isaacs/cliui": ["@isaacs/cliui@8.0.2", "", { "dependencies": { "string-width": "^5.1.2", "string-width-cjs": "npm:string-width@^4.2.0", "strip-ansi": "^7.0.1", "strip-ansi-cjs": "npm:strip-ansi@^6.0.1", "wrap-ansi": "^8.1.0", "wrap-ansi-cjs": "npm:wrap-ansi@^7.0.0" } }, ""],

    "@mongodb-js/saslprep": ["@mongodb-js/saslprep@1.4.11", "", { "dependencies": { "sparse-bitfield": "^3.0.3" } }, ""],

    "@pinojs/redact": ["@pinojs/redact@0.4.0", "", {}, ""],

    "@sideway/address": ["@sideway/address@4.1.5", "", { "dependencies": { "@hapi/hoek": "^9.0.0" } }, ""],

    "@sideway/formula": ["@sideway/formula@3.0.1", "", {}, ""],

    "@sideway/pinpoint": ["@sideway/pinpoint@2.0.0", "", {}, ""],

    "@socket.io/component-emitter": ["@socket.io/component-emitter@3.1.2", "", {}, ""],

    "@socket.io/redis-adapter": ["@socket.io/redis-adapter@8.3.0", "", { "dependencies": { "debug": "~4.3.1", "notepack.io": "~3.0.1", "uid2": "1.0.0" }, "peerDependencies": { "socket.io-adapter": "^2.5.4" } }, ""],

    "@sqltools/formatter": ["@sqltools/formatter@1.2.5", "", {}, ""],

    "@types/bcryptjs": ["@types/bcryptjs@3.0.0", "", { "dependencies": { "bcryptjs": "*" } }, ""],

    "@types/body-parser": ["@types/body-parser@1.19.6", "", { "dependencies": { "@types/connect": "*", "@types/node": "*" } }, ""],

    "@types/bun": ["@types/bun@1.3.14", "", { "dependencies": { "bun-types": "1.3.14" } }, "sha512-h1hFqFVcvAvD9j9K7ZW7vd82aSA+rTdznZa+5bwvCwqSB1jmmfLcbIWhOLx1/+boy/xmjgCs/OMUL8hRJSmnPw=="],

    "@types/compression": ["@types/compression@1.8.1", "", { "dependencies": { "@types/express": "*", "@types/node": "*" } }, ""],

    "@types/connect": ["@types/connect@3.4.38", "", { "dependencies": { "@types/node": "*" } }, ""],

    "@types/cookie-parser": ["@types/cookie-parser@1.4.10", "", { "peerDependencies": { "@types/express": "*" } }, ""],

    "@types/cors": ["@types/cors@2.8.19", "", { "dependencies": { "@types/node": "*" } }, ""],

    "@types/csurf": ["@types/csurf@1.11.5", "", { "dependencies": { "@types/express-serve-static-core": "*" } }, ""],

    "@types/debug": ["@types/debug@0.0.31", "", {}, ""],

    "@types/express": ["@types/express@5.0.6", "", { "dependencies": { "@types/body-parser": "*", "@types/express-serve-static-core": "^5.0.0", "@types/serve-static": "^2" } }, ""],

    "@types/express-serve-static-core": ["@types/express-serve-static-core@5.1.1", "", { "dependencies": { "@types/node": "*", "@types/qs": "*", "@types/range-parser": "*", "@types/send": "*" } }, ""],

    "@types/express-session": ["@types/express-session@1.19.0", "", { "dependencies": { "@types/express": "*" } }, ""],

    "@types/hpp": ["@types/hpp@0.2.7", "", { "dependencies": { "@types/express": "*" } }, ""],

    "@types/http-errors": ["@types/http-errors@2.0.5", "", {}, ""],

    "@types/jsonwebtoken": ["@types/jsonwebtoken@9.0.10", "", { "dependencies": { "@types/ms": "*", "@types/node": "*" } }, ""],

    "@types/morgan": ["@types/morgan@1.9.10", "", { "dependencies": { "@types/node": "*" } }, ""],

    "@types/ms": ["@types/ms@2.1.0", "", {}, ""],

    "@types/multer": ["@types/multer@2.1.0", "", { "dependencies": { "@types/express": "*" } }, ""],

    "@types/node": ["@types/node@25.6.0", "", { "dependencies": { "undici-types": "~7.19.0" } }, ""],

    "@types/qs": ["@types/qs@6.15.1", "", {}, ""],

    "@types/range-parser": ["@types/range-parser@1.2.7", "", {}, ""],

    "@types/send": ["@types/send@1.2.1", "", { "dependencies": { "@types/node": "*" } }, ""],

    "@types/serve-static": ["@types/serve-static@2.2.0", "", { "dependencies": { "@types/http-errors": "*", "@types/node": "*" } }, ""],

    "@types/webidl-conversions": ["@types/webidl-conversions@7.0.3", "", {}, "sha512-CiJJvcRtIgzadHCYXw7dqEnMNRjhGZlYK05Mj9OyktqV8uVT8fD2BFOB7S1uwBE3Kj2Z+4UyPmFw/Ixgw/LAlA=="],

    "@types/whatwg-url": ["@types/whatwg-url@13.0.0", "", { "dependencies": { "@types/webidl-conversions": "*" } }, "sha512-N8WXpbE6Wgri7KUSvrmQcqrMllKZ9uxkYWMt+mCSGwNc0Hsw9VQTW7ApqI4XNrx6/SaM2QQJCzMPDEXE058s+Q=="],

    "@types/ws": ["@types/ws@8.18.1", "", { "dependencies": { "@types/node": "*" } }, ""],

    "accepts": ["accepts@1.3.8", "", { "dependencies": { "mime-types": "~2.1.34", "negotiator": "0.6.3" } }, ""],

    "adler-32": ["adler-32@1.3.1", "", {}, "sha512-ynZ4w/nUUv5rrsR8UUGoe1VC9hZj6V5hU9Qw1HlMDJGEJw5S7TfTErWTjMys6M7vr0YWcPqs3qAr4ss0nDfP+A=="],

    "ansi-regex": ["ansi-regex@5.0.1", "", {}, ""],

    "ansi-styles": ["ansi-styles@4.3.0", "", { "dependencies": { "color-convert": "^2.0.1" } }, ""],

    "ansis": ["ansis@4.2.0", "", {}, ""],

    "app-root-path": ["app-root-path@3.1.0", "", {}, ""],

    "append-field": ["append-field@1.0.0", "", {}, ""],

    "array-flatten": ["array-flatten@1.1.1", "", {}, ""],

    "atomic-sleep": ["atomic-sleep@1.0.0", "", {}, ""],

    "available-typed-arrays": ["available-typed-arrays@1.0.7", "", { "dependencies": { "possible-typed-array-names": "^1.0.0" } }, ""],

    "balanced-match": ["balanced-match@1.0.2", "", {}, ""],

    "base64-js": ["base64-js@1.5.1", "", {}, ""],

    "base64id": ["base64id@2.0.0", "", {}, ""],

    "basic-auth": ["basic-auth@2.0.1", "", { "dependencies": { "safe-buffer": "5.1.2" } }, ""],

    "bcryptjs": ["bcryptjs@3.0.3", "", { "bin": { "bcrypt": "bin/bcrypt" } }, ""],

    "bmp-js": ["bmp-js@0.1.0", "", {}, "sha512-vHdS19CnY3hwiNdkaqk93DvjVLfbEcI8mys4UjuWrlX1haDmroo8o4xCzh4wD6DGV6HxRCyauwhHRqMTfERtjw=="],

    "body-parser": ["body-parser@1.20.5", "", { "dependencies": { "bytes": "~3.1.2", "content-type": "~1.0.5", "debug": "2.6.9", "depd": "2.0.0", "destroy": "~1.2.0", "http-errors": "~2.0.1", "iconv-lite": "~0.4.24", "on-finished": "~2.4.1", "qs": "~6.15.1", "raw-body": "~2.5.3", "type-is": "~1.6.18", "unpipe": "~1.0.0" } }, ""],

    "brace-expansion": ["brace-expansion@2.1.0", "", { "dependencies": { "balanced-match": "^1.0.0" } }, ""],

    "bson": ["bson@7.2.0", "", {}, "sha512-YCEo7KjMlbNlyHhz7zAZNDpIpQbd+wOEHJYezv0nMYTn4x31eIUM2yomNNubclAt63dObUzKHWsBLJ9QcZNSnQ=="],

    "buffer": ["buffer@6.0.3", "", { "dependencies": { "base64-js": "^1.3.1", "ieee754": "^1.2.1" } }, ""],

    "buffer-equal-constant-time": ["buffer-equal-constant-time@1.0.1", "", {}, ""],

    "buffer-from": ["buffer-from@1.1.2", "", {}, ""],

    "bun-types": ["bun-types@1.3.14", "", { "dependencies": { "@types/node": "*" } }, "sha512-4N0ig0fEomHt5R0KCFWjovxow98rIoRwKolrYdCcknNwMekCXRnWEUvgu5soYV8QXtVsrUD8B95MBOZGPvr6KQ=="],

    "busboy": ["busboy@1.6.0", "", { "dependencies": { "streamsearch": "^1.1.0" } }, ""],

    "bytes": ["bytes@3.1.2", "", {}, ""],

    "call-bind": ["call-bind@1.0.9", "", { "dependencies": { "call-bind-apply-helpers": "^1.0.2", "es-define-property": "^1.0.1", "get-intrinsic": "^1.3.0", "set-function-length": "^1.2.2" } }, ""],

    "call-bind-apply-helpers": ["call-bind-apply-helpers@1.0.2", "", { "dependencies": { "es-errors": "^1.3.0", "function-bind": "^1.1.2" } }, ""],

    "call-bound": ["call-bound@1.0.4", "", { "dependencies": { "call-bind-apply-helpers": "^1.0.2", "get-intrinsic": "^1.3.0" } }, ""],

    "cfb": ["cfb@1.2.2", "", { "dependencies": { "adler-32": "~1.3.0", "crc-32": "~1.2.0" } }, "sha512-KfdUZsSOw19/ObEWasvBP/Ac4reZvAGauZhs6S/gqNhXhI7cKwvlH7ulj+dOEYnca4bm4SGo8C1bTAQvnTjgQA=="],

    "cliui": ["cliui@8.0.1", "", { "dependencies": { "string-width": "^4.2.0", "strip-ansi": "^6.0.1", "wrap-ansi": "^7.0.0" } }, ""],

    "cluster-key-slot": ["cluster-key-slot@1.1.2", "", {}, ""],

    "codepage": ["codepage@1.15.0", "", {}, "sha512-3g6NUTPd/YtuuGrhMnOMRjFc+LJw/bnMp3+0r/Wcz3IXUuCosKRJvMphm5+Q+bvTVGcJJuRvVLuYba+WojaFaA=="],

    "color-convert": ["color-convert@2.0.1", "", { "dependencies": { "color-name": "~1.1.4" } }, ""],

    "color-name": ["color-name@1.1.4", "", {}, ""],

    "compressible": ["compressible@2.0.18", "", { "dependencies": { "mime-db": ">= 1.43.0 < 2" } }, ""],

    "compression": ["compression@1.8.1", "", { "dependencies": { "bytes": "3.1.2", "compressible": "~2.0.18", "debug": "2.6.9", "negotiator": "~0.6.4", "on-headers": "~1.1.0", "safe-buffer": "5.2.1", "vary": "~1.1.2" } }, ""],

    "concat-stream": ["concat-stream@2.0.0", "", { "dependencies": { "buffer-from": "^1.0.0", "inherits": "^2.0.3", "readable-stream": "^3.0.2", "typedarray": "^0.0.6" } }, ""],

    "connect-typeorm": ["connect-typeorm@2.0.0", "", { "dependencies": { "@types/debug": "0.0.31", "@types/express-session": "^1.15.5", "debug": "^4.1.1", "express-session": "^1.15.6" }, "peerDependencies": { "typeorm": "^0.3.0" } }, ""],

    "content-disposition": ["content-disposition@0.5.4", "", { "dependencies": { "safe-buffer": "5.2.1" } }, ""],

    "content-type": ["content-type@1.0.5", "", {}, ""],

    "cookie": ["cookie@0.7.2", "", {}, ""],

    "cookie-parser": ["cookie-parser@1.4.7", "", { "dependencies": { "cookie": "0.7.2", "cookie-signature": "1.0.6" } }, ""],

    "cookie-signature": ["cookie-signature@1.2.2", "", {}, ""],

    "cookies": ["cookies@0.9.1", "", { "dependencies": { "depd": "~2.0.0", "keygrip": "~1.1.0" } }, ""],

    "cors": ["cors@2.8.6", "", { "dependencies": { "object-assign": "^4", "vary": "^1" } }, ""],

    "crc-32": ["crc-32@1.2.2", "", { "bin": { "crc32": "bin/crc32.njs" } }, "sha512-ROmzCKrTnOwybPcJApAA6WBWij23HVfGVNKqqrZpuyZOHqK2CwHSvpGuyt/UNNvaIjEd8X5IFGp4Mh+Ie1IHJQ=="],

    "cross-spawn": ["cross-spawn@7.0.6", "", { "dependencies": { "path-key": "^3.1.0", "shebang-command": "^2.0.0", "which": "^2.0.1" } }, ""],

    "csrf": ["csrf@3.1.0", "", { "dependencies": { "rndm": "1.2.0", "tsscmp": "1.0.6", "uid-safe": "2.1.5" } }, ""],

    "csurf": ["csurf@1.11.0", "", { "dependencies": { "cookie": "0.4.0", "cookie-signature": "1.0.6", "csrf": "3.1.0", "http-errors": "~1.7.3" } }, ""],

    "dayjs": ["dayjs@1.11.20", "", {}, ""],

    "debug": ["debug@4.3.7", "", { "dependencies": { "ms": "^2.1.3" } }, ""],

    "dedent": ["dedent@1.7.2", "", { "peerDependencies": { "babel-plugin-macros": "^3.1.0" }, "optionalPeers": ["babel-plugin-macros"] }, ""],

    "define-data-property": ["define-data-property@1.1.4", "", { "dependencies": { "es-define-property": "^1.0.0", "es-errors": "^1.3.0", "gopd": "^1.0.1" } }, ""],

    "denque": ["denque@2.1.0", "", {}, ""],

    "depd": ["depd@2.0.0", "", {}, ""],

    "destroy": ["destroy@1.2.0", "", {}, ""],

    "dotenv": ["dotenv@16.6.1", "", {}, ""],

    "dunder-proto": ["dunder-proto@1.0.1", "", { "dependencies": { "call-bind-apply-helpers": "^1.0.1", "es-errors": "^1.3.0", "gopd": "^1.2.0" } }, ""],

    "eastasianwidth": ["eastasianwidth@0.2.0", "", {}, ""],

    "ecdsa-sig-formatter": ["ecdsa-sig-formatter@1.0.11", "", { "dependencies": { "safe-buffer": "^5.0.1" } }, ""],

    "ee-first": ["ee-first@1.1.1", "", {}, ""],

    "emoji-regex": ["emoji-regex@8.0.0", "", {}, ""],

    "encodeurl": ["encodeurl@2.0.0", "", {}, ""],

    "engine.io": ["engine.io@6.6.7", "", { "dependencies": { "@types/cors": "^2.8.12", "@types/node": ">=10.0.0", "@types/ws": "^8.5.12", "accepts": "~1.3.4", "base64id": "2.0.0", "cookie": "~0.7.2", "cors": "~2.8.5", "debug": "~4.4.1", "engine.io-parser": "~5.2.1", "ws": "~8.18.3" } }, ""],

    "engine.io-parser": ["engine.io-parser@5.2.3", "", {}, ""],

    "es-define-property": ["es-define-property@1.0.1", "", {}, ""],

    "es-errors": ["es-errors@1.3.0", "", {}, ""],

    "es-object-atoms": ["es-object-atoms@1.1.1", "", { "dependencies": { "es-errors": "^1.3.0" } }, ""],

    "esbuild": ["esbuild@0.27.7", "", { "optionalDependencies": { "@esbuild/win32-x64": "0.27.7" }, "bin": "bin/esbuild" }, ""],

    "escalade": ["escalade@3.2.0", "", {}, ""],

    "escape-html": ["escape-html@1.0.3", "", {}, ""],

    "etag": ["etag@1.8.1", "", {}, ""],

    "express": ["express@4.22.1", "", { "dependencies": { "accepts": "~1.3.8", "array-flatten": "1.1.1", "body-parser": "~1.20.3", "content-disposition": "~0.5.4", "content-type": "~1.0.4", "cookie": "~0.7.1", "cookie-signature": "~1.0.6", "debug": "2.6.9", "depd": "2.0.0", "encodeurl": "~2.0.0", "escape-html": "~1.0.3", "etag": "~1.8.1", "finalhandler": "~1.3.1", "fresh": "~0.5.2", "http-errors": "~2.0.0", "merge-descriptors": "1.0.3", "methods": "~1.1.2", "on-finished": "~2.4.1", "parseurl": "~1.3.3", "path-to-regexp": "~0.1.12", "proxy-addr": "~2.0.7", "qs": "~6.14.0", "range-parser": "~1.2.1", "safe-buffer": "5.2.1", "send": "~0.19.0", "serve-static": "~1.16.2", "setprototypeof": "1.2.0", "statuses": "~2.0.1", "type-is": "~1.6.18", "utils-merge": "1.0.1", "vary": "~1.1.2" } }, ""],

    "express-mongo-sanitize": ["express-mongo-sanitize@2.2.0", "", {}, ""],

    "express-rate-limit": ["express-rate-limit@7.5.1", "", { "peerDependencies": { "express": ">= 4.11" } }, ""],

    "express-session": ["express-session@1.19.0", "", { "dependencies": { "cookie": "~0.7.2", "cookie-signature": "~1.0.7", "debug": "~2.6.9", "depd": "~2.0.0", "on-headers": "~1.1.0", "parseurl": "~1.3.3", "safe-buffer": "~5.2.1", "uid-safe": "~2.1.5" } }, ""],

    "finalhandler": ["finalhandler@1.3.2", "", { "dependencies": { "debug": "2.6.9", "encodeurl": "~2.0.0", "escape-html": "~1.0.3", "on-finished": "~2.4.1", "parseurl": "~1.3.3", "statuses": "~2.0.2", "unpipe": "~1.0.0" } }, ""],

    "for-each": ["for-each@0.3.5", "", { "dependencies": { "is-callable": "^1.2.7" } }, ""],

    "foreground-child": ["foreground-child@3.3.1", "", { "dependencies": { "cross-spawn": "^7.0.6", "signal-exit": "^4.0.1" } }, ""],

    "forwarded": ["forwarded@0.2.0", "", {}, ""],

    "frac": ["frac@1.1.2", "", {}, "sha512-w/XBfkibaTl3YDqASwfDUqkna4Z2p9cFSr1aHDt0WoMTECnRfBOv2WArlZILlqgWlmdIlALXGpM2AOhEk5W3IA=="],

    "fresh": ["fresh@0.5.2", "", {}, ""],

    "function-bind": ["function-bind@1.1.2", "", {}, ""],

    "get-caller-file": ["get-caller-file@2.0.5", "", {}, ""],

    "get-intrinsic": ["get-intrinsic@1.3.0", "", { "dependencies": { "call-bind-apply-helpers": "^1.0.2", "es-define-property": "^1.0.1", "es-errors": "^1.3.0", "es-object-atoms": "^1.1.1", "function-bind": "^1.1.2", "get-proto": "^1.0.1", "gopd": "^1.2.0", "has-symbols": "^1.1.0", "hasown": "^2.0.2", "math-intrinsics": "^1.1.0" } }, ""],

    "get-proto": ["get-proto@1.0.1", "", { "dependencies": { "dunder-proto": "^1.0.1", "es-object-atoms": "^1.0.0" } }, ""],

    "get-tsconfig": ["get-tsconfig@4.14.0", "", { "dependencies": { "resolve-pkg-maps": "^1.0.0" } }, ""],

    "glob": ["glob@10.5.0", "", { "dependencies": { "foreground-child": "^3.1.0", "jackspeak": "^3.1.2", "minimatch": "^9.0.4", "minipass": "^7.1.2", "package-json-from-dist": "^1.0.0", "path-scurry": "^1.11.1" }, "bin": "dist/esm/bin.mjs" }, ""],

    "gopd": ["gopd@1.2.0", "", {}, ""],

    "has-property-descriptors": ["has-property-descriptors@1.0.2", "", { "dependencies": { "es-define-property": "^1.0.0" } }, ""],

    "has-symbols": ["has-symbols@1.1.0", "", {}, ""],

    "has-tostringtag": ["has-tostringtag@1.0.2", "", { "dependencies": { "has-symbols": "^1.0.3" } }, ""],

    "hasown": ["hasown@2.0.3", "", { "dependencies": { "function-bind": "^1.1.2" } }, ""],

    "helmet": ["helmet@8.1.0", "", {}, ""],

    "hpp": ["hpp@0.2.3", "", { "dependencies": { "lodash": "^4.17.12", "type-is": "^1.6.12" } }, ""],

    "http-errors": ["http-errors@1.7.3", "", { "dependencies": { "depd": "~1.1.2", "inherits": "2.0.4", "setprototypeof": "1.1.1", "statuses": ">= 1.5.0 < 2", "toidentifier": "1.0.0" } }, ""],

    "iconv-lite": ["iconv-lite@0.4.24", "", { "dependencies": { "safer-buffer": ">= 2.1.2 < 3" } }, ""],

    "idb-keyval": ["idb-keyval@6.2.5", "", {}, "sha512-eKQkTnS0relYsSOYomx8ozIbmdsQCKUdhyuIaQ2DZgKuaxtyQQMkyD/wlnQN32pO3yutN1b1L8uqwcDKaJd7/Q=="],

    "ieee754": ["ieee754@1.2.1", "", {}, ""],

    "inherits": ["inherits@2.0.4", "", {}, ""],

    "ioredis": ["ioredis@5.10.1", "", { "dependencies": { "@ioredis/commands": "1.5.1", "cluster-key-slot": "^1.1.0", "debug": "^4.3.4", "denque": "^2.1.0", "lodash.defaults": "^4.2.0", "lodash.isarguments": "^3.1.0", "redis-errors": "^1.2.0", "redis-parser": "^3.0.0", "standard-as-callback": "^2.1.0" } }, ""],

    "ipaddr.js": ["ipaddr.js@1.9.1", "", {}, ""],

    "is-callable": ["is-callable@1.2.7", "", {}, ""],

    "is-fullwidth-code-point": ["is-fullwidth-code-point@3.0.0", "", {}, ""],

    "is-typed-array": ["is-typed-array@1.1.15", "", { "dependencies": { "which-typed-array": "^1.1.16" } }, ""],

    "is-url": ["is-url@1.2.4", "", {}, "sha512-ITvGim8FhRiYe4IQ5uHSkj7pVaPDrCTkNd3yq3cV7iZAcJdHTUMPMEHcqSOy9xZ9qFenQCvi+2wjH9a1nXqHww=="],

    "isarray": ["isarray@2.0.5", "", {}, ""],

    "isexe": ["isexe@2.0.0", "", {}, ""],

    "jackspeak": ["jackspeak@3.4.3", "", { "dependencies": { "@isaacs/cliui": "^8.0.2" } }, ""],

    "joi": ["joi@17.13.3", "", { "dependencies": { "@hapi/hoek": "^9.3.0", "@hapi/topo": "^5.1.0", "@sideway/address": "^4.1.5", "@sideway/formula": "^3.0.1", "@sideway/pinpoint": "^2.0.0" } }, ""],

    "jsonwebtoken": ["jsonwebtoken@9.0.3", "", { "dependencies": { "jws": "^4.0.1", "lodash.includes": "^4.3.0", "lodash.isboolean": "^3.0.3", "lodash.isinteger": "^4.0.4", "lodash.isnumber": "^3.0.3", "lodash.isplainobject": "^4.0.6", "lodash.isstring": "^4.0.1", "lodash.once": "^4.0.0", "ms": "^2.1.1", "semver": "^7.5.4" } }, ""],

    "jwa": ["jwa@2.0.1", "", { "dependencies": { "buffer-equal-constant-time": "^1.0.1", "ecdsa-sig-formatter": "1.0.11", "safe-buffer": "^5.0.1" } }, ""],

    "jws": ["jws@4.0.1", "", { "dependencies": { "jwa": "^2.0.1", "safe-buffer": "^5.0.1" } }, ""],

    "kareem": ["kareem@3.3.0", "", {}, ""],

    "keygrip": ["keygrip@1.1.0", "", { "dependencies": { "tsscmp": "1.0.6" } }, ""],

    "lodash": ["lodash@4.18.1", "", {}, ""],

    "lodash.defaults": ["lodash.defaults@4.2.0", "", {}, ""],

    "lodash.includes": ["lodash.includes@4.3.0", "", {}, ""],

    "lodash.isarguments": ["lodash.isarguments@3.1.0", "", {}, ""],

    "lodash.isboolean": ["lodash.isboolean@3.0.3", "", {}, ""],

    "lodash.isinteger": ["lodash.isinteger@4.0.4", "", {}, ""],

    "lodash.isnumber": ["lodash.isnumber@3.0.3", "", {}, ""],

    "lodash.isplainobject": ["lodash.isplainobject@4.0.6", "", {}, ""],

    "lodash.isstring": ["lodash.isstring@4.0.1", "", {}, ""],

    "lodash.once": ["lodash.once@4.1.1", "", {}, ""],

    "lru-cache": ["lru-cache@10.4.3", "", {}, ""],

    "math-intrinsics": ["math-intrinsics@1.1.0", "", {}, ""],

    "media-typer": ["media-typer@0.3.0", "", {}, ""],

    "memory-pager": ["memory-pager@1.5.0", "", {}, ""],

    "merge-descriptors": ["merge-descriptors@1.0.3", "", {}, ""],

    "methods": ["methods@1.1.2", "", {}, ""],

    "mime": ["mime@1.6.0", "", { "bin": "cli.js" }, ""],

    "mime-db": ["mime-db@1.52.0", "", {}, ""],

    "mime-types": ["mime-types@2.1.35", "", { "dependencies": { "mime-db": "1.52.0" } }, ""],

    "minimatch": ["minimatch@9.0.9", "", { "dependencies": { "brace-expansion": "^2.0.2" } }, ""],

    "minipass": ["minipass@7.1.3", "", {}, ""],

    "mongodb": ["mongodb@7.2.0", "", { "dependencies": { "@mongodb-js/saslprep": "^1.3.0", "bson": "^7.2.0", "mongodb-connection-string-url": "^7.0.0" }, "peerDependencies": { "@aws-sdk/credential-providers": "^3.806.0", "@mongodb-js/zstd": "^7.0.0", "gcp-metadata": "^7.0.1", "kerberos": "^7.0.0", "mongodb-client-encryption": ">=7.0.0 <7.1.0", "snappy": "^7.3.2", "socks": "^2.8.6" }, "optionalPeers": ["@aws-sdk/credential-providers", "@mongodb-js/zstd", "gcp-metadata", "kerberos", "mongodb-client-encryption", "snappy", "socks"] }, "sha512-F/2+BMZtLVhY30ioZp0dAmZ+IRZMBqI+nrv6t5+9/1AIwCa8sMRC3jBf81lpxMhnZgqq8CoUD503Z1oZWq1/sw=="],

    "mongodb-connection-string-url": ["mongodb-connection-string-url@7.0.1", "", { "dependencies": { "@types/whatwg-url": "^13.0.0", "whatwg-url": "^14.1.0" } }, "sha512-h0AZ9A7IDVwwHyMxmdMXKy+9oNlF0zFoahHiX3vQ8e3KFcSP3VmsmfvtRSuLPxmyv2vjIDxqty8smTgie/SNRQ=="],

    "mongoose": ["mongoose@9.6.1", "", { "dependencies": { "kareem": "3.3.0", "mongodb": "~7.2", "mpath": "0.9.0", "mquery": "6.0.0", "ms": "2.1.3", "sift": "17.1.3" } }, ""],

    "morgan": ["morgan@1.10.1", "", { "dependencies": { "basic-auth": "~2.0.1", "debug": "2.6.9", "depd": "~2.0.0", "on-finished": "~2.3.0", "on-headers": "~1.1.0" } }, ""],

    "mpath": ["mpath@0.9.0", "", {}, ""],

    "mquery": ["mquery@6.0.0", "", {}, ""],

    "ms": ["ms@2.1.3", "", {}, ""],

    "multer": ["multer@2.1.1", "", { "dependencies": { "append-field": "^1.0.0", "busboy": "^1.6.0", "concat-stream": "^2.0.0", "type-is": "^1.6.18" } }, ""],

    "negotiator": ["negotiator@0.6.4", "", {}, ""],

    "node-fetch": ["node-fetch@2.7.0", "", { "dependencies": { "whatwg-url": "^5.0.0" }, "peerDependencies": { "encoding": "^0.1.0" }, "optionalPeers": ["encoding"] }, "sha512-c4FRfUm/dbcWZ7U+1Wq0AwCyFL+3nt2bEw05wfxSz+DWpWsitgmSgYmy2dQdWyKC1694ELPqMs/YzUSNozLt8A=="],

    "nodemailer": ["nodemailer@6.10.1", "", {}, ""],

    "notepack.io": ["notepack.io@3.0.1", "", {}, ""],

    "object-assign": ["object-assign@4.1.1", "", {}, ""],

    "object-inspect": ["object-inspect@1.13.4", "", {}, ""],

    "on-exit-leak-free": ["on-exit-leak-free@2.1.2", "", {}, ""],

    "on-finished": ["on-finished@2.4.1", "", { "dependencies": { "ee-first": "1.1.1" } }, ""],

    "on-headers": ["on-headers@1.1.0", "", {}, ""],

    "opencollective-postinstall": ["opencollective-postinstall@2.0.3", "", { "bin": "index.js" }, "sha512-8AV/sCtuzUeTo8gQK5qDZzARrulB3egtLzFgteqB2tcT4Mw7B8Kt7JcDHmltjz6FOAHsvTevk70gZEbhM4ZS9Q=="],

    "package-json-from-dist": ["package-json-from-dist@1.0.1", "", {}, ""],

    "parseurl": ["parseurl@1.3.3", "", {}, ""],

    "path-key": ["path-key@3.1.1", "", {}, ""],

    "path-scurry": ["path-scurry@1.11.1", "", { "dependencies": { "lru-cache": "^10.2.0", "minipass": "^5.0.0 || ^6.0.2 || ^7.0.0" } }, ""],

    "path-to-regexp": ["path-to-regexp@0.1.13", "", {}, ""],

    "pino": ["pino@9.14.0", "", { "dependencies": { "@pinojs/redact": "^0.4.0", "atomic-sleep": "^1.0.0", "on-exit-leak-free": "^2.1.0", "pino-abstract-transport": "^2.0.0", "pino-std-serializers": "^7.0.0", "process-warning": "^5.0.0", "quick-format-unescaped": "^4.0.3", "real-require": "^0.2.0", "safe-stable-stringify": "^2.3.1", "sonic-boom": "^4.0.1", "thread-stream": "^3.0.0" }, "bin": "bin.js" }, ""],

    "pino-abstract-transport": ["pino-abstract-transport@2.0.0", "", { "dependencies": { "split2": "^4.0.0" } }, ""],

    "pino-http": ["pino-http@11.0.0", "", { "dependencies": { "get-caller-file": "^2.0.5", "pino": "^10.0.0", "pino-std-serializers": "^7.0.0", "process-warning": "^5.0.0" } }, ""],

    "pino-std-serializers": ["pino-std-serializers@7.1.0", "", {}, ""],

    "possible-typed-array-names": ["possible-typed-array-names@1.1.0", "", {}, ""],

    "process-warning": ["process-warning@5.0.0", "", {}, ""],

    "proxy-addr": ["proxy-addr@2.0.7", "", { "dependencies": { "forwarded": "0.2.0", "ipaddr.js": "1.9.1" } }, ""],

    "punycode": ["punycode@2.3.1", "", {}, ""],

    "qs": ["qs@6.14.2", "", { "dependencies": { "side-channel": "^1.1.0" } }, ""],

    "quick-format-unescaped": ["quick-format-unescaped@4.0.4", "", {}, ""],

    "random-bytes": ["random-bytes@1.0.0", "", {}, ""],

    "range-parser": ["range-parser@1.2.1", "", {}, ""],

    "rate-limit-redis": ["rate-limit-redis@4.3.1", "", { "peerDependencies": { "express-rate-limit": ">= 6" } }, ""],

    "raw-body": ["raw-body@2.5.3", "", { "dependencies": { "bytes": "~3.1.2", "http-errors": "~2.0.1", "iconv-lite": "~0.4.24", "unpipe": "~1.0.0" } }, ""],

    "readable-stream": ["readable-stream@3.6.2", "", { "dependencies": { "inherits": "^2.0.3", "string_decoder": "^1.1.1", "util-deprecate": "^1.0.1" } }, ""],

    "real-require": ["real-require@0.2.0", "", {}, ""],

    "redis-errors": ["redis-errors@1.2.0", "", {}, ""],

    "redis-parser": ["redis-parser@3.0.0", "", { "dependencies": { "redis-errors": "^1.0.0" } }, ""],

    "reflect-metadata": ["reflect-metadata@0.2.2", "", {}, ""],

    "regenerator-runtime": ["regenerator-runtime@0.13.11", "", {}, "sha512-kY1AZVr2Ra+t+piVaJ4gxaFaReZVH40AKNo7UCX6W+dEwBo/2oZJzqfuN1qLq1oL45o56cPaTXELwrTh8Fpggg=="],

    "require-directory": ["require-directory@2.1.1", "", {}, ""],

    "resolve-pkg-maps": ["resolve-pkg-maps@1.0.0", "", {}, ""],

    "rndm": ["rndm@1.2.0", "", {}, ""],

    "safe-buffer": ["safe-buffer@5.2.1", "", {}, ""],

    "safe-stable-stringify": ["safe-stable-stringify@2.5.0", "", {}, ""],

    "safer-buffer": ["safer-buffer@2.1.2", "", {}, ""],

    "semver": ["semver@7.7.4", "", { "bin": "bin/semver.js" }, ""],

    "send": ["send@0.19.2", "", { "dependencies": { "debug": "2.6.9", "depd": "2.0.0", "destroy": "1.2.0", "encodeurl": "~2.0.0", "escape-html": "~1.0.3", "etag": "~1.8.1", "fresh": "~0.5.2", "http-errors": "~2.0.1", "mime": "1.6.0", "ms": "2.1.3", "on-finished": "~2.4.1", "range-parser": "~1.2.1", "statuses": "~2.0.2" } }, ""],

    "serve-static": ["serve-static@1.16.3", "", { "dependencies": { "encodeurl": "~2.0.0", "escape-html": "~1.0.3", "parseurl": "~1.3.3", "send": "~0.19.1" } }, ""],

    "set-function-length": ["set-function-length@1.2.2", "", { "dependencies": { "define-data-property": "^1.1.4", "es-errors": "^1.3.0", "function-bind": "^1.1.2", "get-intrinsic": "^1.2.4", "gopd": "^1.0.1", "has-property-descriptors": "^1.0.2" } }, ""],

    "setprototypeof": ["setprototypeof@1.2.0", "", {}, ""],

    "sha.js": ["sha.js@2.4.12", "", { "dependencies": { "inherits": "^2.0.4", "safe-buffer": "^5.2.1", "to-buffer": "^1.2.0" }, "bin": "bin.js" }, ""],

    "shebang-command": ["shebang-command@2.0.0", "", { "dependencies": { "shebang-regex": "^3.0.0" } }, ""],

    "shebang-regex": ["shebang-regex@3.0.0", "", {}, ""],

    "side-channel": ["side-channel@1.1.0", "", { "dependencies": { "es-errors": "^1.3.0", "object-inspect": "^1.13.3", "side-channel-list": "^1.0.0", "side-channel-map": "^1.0.1", "side-channel-weakmap": "^1.0.2" } }, ""],

    "side-channel-list": ["side-channel-list@1.0.1", "", { "dependencies": { "es-errors": "^1.3.0", "object-inspect": "^1.13.4" } }, ""],

    "side-channel-map": ["side-channel-map@1.0.1", "", { "dependencies": { "call-bound": "^1.0.2", "es-errors": "^1.3.0", "get-intrinsic": "^1.2.5", "object-inspect": "^1.13.3" } }, ""],

    "side-channel-weakmap": ["side-channel-weakmap@1.0.2", "", { "dependencies": { "call-bound": "^1.0.2", "es-errors": "^1.3.0", "get-intrinsic": "^1.2.5", "object-inspect": "^1.13.3", "side-channel-map": "^1.0.1" } }, ""],

    "sift": ["sift@17.1.3", "", {}, ""],

    "signal-exit": ["signal-exit@4.1.0", "", {}, ""],

    "socket.io": ["socket.io@4.8.3", "", { "dependencies": { "accepts": "~1.3.4", "base64id": "~2.0.0", "cors": "~2.8.5", "debug": "~4.4.1", "engine.io": "~6.6.0", "socket.io-adapter": "~2.5.2", "socket.io-parser": "~4.2.4" } }, ""],

    "socket.io-adapter": ["socket.io-adapter@2.5.6", "", { "dependencies": { "debug": "~4.4.1", "ws": "~8.18.3" } }, ""],

    "socket.io-parser": ["socket.io-parser@4.2.6", "", { "dependencies": { "@socket.io/component-emitter": "~3.1.0", "debug": "~4.4.1" } }, ""],

    "sonic-boom": ["sonic-boom@4.2.1", "", { "dependencies": { "atomic-sleep": "^1.0.0" } }, ""],

    "sparse-bitfield": ["sparse-bitfield@3.0.3", "", { "dependencies": { "memory-pager": "^1.0.2" } }, ""],

    "split2": ["split2@4.2.0", "", {}, ""],

    "sql-highlight": ["sql-highlight@6.1.0", "", {}, ""],

    "ssf": ["ssf@0.11.2", "", { "dependencies": { "frac": "~1.1.2" } }, "sha512-+idbmIXoYET47hH+d7dfm2epdOMUDjqcB4648sTZ+t2JwoyBFL/insLfB/racrDmsKB3diwsDA696pZMieAC5g=="],

    "standard-as-callback": ["standard-as-callback@2.1.0", "", {}, ""],

    "statuses": ["statuses@2.0.2", "", {}, ""],

    "streamsearch": ["streamsearch@1.1.0", "", {}, ""],

    "string-width": ["string-width@4.2.3", "", { "dependencies": { "emoji-regex": "^8.0.0", "is-fullwidth-code-point": "^3.0.0", "strip-ansi": "^6.0.1" } }, ""],

    "string-width-cjs": ["string-width@4.2.3", "", { "dependencies": { "emoji-regex": "^8.0.0", "is-fullwidth-code-point": "^3.0.0", "strip-ansi": "^6.0.1" } }, ""],

    "string_decoder": ["string_decoder@1.3.0", "", { "dependencies": { "safe-buffer": "~5.2.0" } }, ""],

    "strip-ansi": ["strip-ansi@6.0.1", "", { "dependencies": { "ansi-regex": "^5.0.1" } }, ""],

    "strip-ansi-cjs": ["strip-ansi@6.0.1", "", { "dependencies": { "ansi-regex": "^5.0.1" } }, ""],

    "tesseract.js": ["tesseract.js@7.0.0", "", { "dependencies": { "bmp-js": "^0.1.0", "idb-keyval": "^6.2.0", "is-url": "^1.2.4", "node-fetch": "^2.6.9", "opencollective-postinstall": "^2.0.3", "regenerator-runtime": "^0.13.3", "tesseract.js-core": "^7.0.0", "wasm-feature-detect": "^1.8.0", "zlibjs": "^0.3.1" } }, "sha512-exPBkd+z+wM1BuMkx/Bjv43OeLBxhL5kKWsz/9JY+DXcXdiBjiAch0V49QR3oAJqCaL5qURE0vx9Eo+G5YE7mA=="],

    "tesseract.js-core": ["tesseract.js-core@7.0.0", "", {}, "sha512-WnNH518NzmbSq9zgTPeoF8c+xmilS8rFIl1YKbk/ptuuc7p6cLNELNuPAzcmsYw450ca6bLa8j3t0VAtq435Vw=="],

    "thread-stream": ["thread-stream@3.1.0", "", { "dependencies": { "real-require": "^0.2.0" } }, ""],

    "to-buffer": ["to-buffer@1.2.2", "", { "dependencies": { "isarray": "^2.0.5", "safe-buffer": "^5.2.1", "typed-array-buffer": "^1.0.3" } }, ""],

    "toidentifier": ["toidentifier@1.0.0", "", {}, ""],

    "tr46": ["tr46@0.0.3", "", {}, "sha512-N3WMsuqV66lT30CrXNbEjx4GEwlow3v6rr4mCcv6prnfwhS01rkgyFdjPNBYd9br7LpXV1+Emh01fHnq2Gdgrw=="],

    "tslib": ["tslib@2.8.1", "", {}, ""],

    "tsscmp": ["tsscmp@1.0.6", "", {}, ""],

    "tsx": ["tsx@4.21.0", "", { "dependencies": { "esbuild": "~0.27.0", "get-tsconfig": "^4.7.5" }, "bin": "dist/cli.mjs" }, ""],

    "type-is": ["type-is@1.6.18", "", { "dependencies": { "media-typer": "0.3.0", "mime-types": "~2.1.24" } }, ""],

    "typed-array-buffer": ["typed-array-buffer@1.0.3", "", { "dependencies": { "call-bound": "^1.0.3", "es-errors": "^1.3.0", "is-typed-array": "^1.1.14" } }, ""],

    "typedarray": ["typedarray@0.0.6", "", {}, ""],

    "typeorm": ["typeorm@0.3.28", "", { "dependencies": { "@sqltools/formatter": "^1.2.5", "ansis": "^4.2.0", "app-root-path": "^3.1.0", "buffer": "^6.0.3", "dayjs": "^1.11.19", "debug": "^4.4.3", "dedent": "^1.7.0", "dotenv": "^16.6.1", "glob": "^10.5.0", "reflect-metadata": "^0.2.2", "sha.js": "^2.4.12", "sql-highlight": "^6.1.0", "tslib": "^2.8.1", "uuid": "^11.1.0", "yargs": "^17.7.2" }, "peerDependencies": { "@google-cloud/spanner": "^5.18.0 || ^6.0.0 || ^7.0.0 || ^8.0.0", "@sap/hana-client": "^2.14.22", "better-sqlite3": "^8.0.0 || ^9.0.0 || ^10.0.0 || ^11.0.0 || ^12.0.0", "ioredis": "^5.0.4", "mongodb": "^5.8.0 || ^6.0.0", "mssql": "^9.1.1 || ^10.0.0 || ^11.0.0 || ^12.0.0", "mysql2": "^2.2.5 || ^3.0.1", "oracledb": "^6.3.0", "pg": "^8.5.1", "pg-native": "^3.0.0", "pg-query-stream": "^4.0.0", "redis": "^3.1.1 || ^4.0.0 || ^5.0.14", "sql.js": "^1.4.0", "sqlite3": "^5.0.3", "ts-node": "^10.7.0", "typeorm-aurora-data-api-driver": "^2.0.0 || ^3.0.0" }, "optionalPeers": ["@google-cloud/spanner", "@sap/hana-client", "better-sqlite3", "mongodb", "mssql", "mysql2", "oracledb", "pg", "pg-native", "pg-query-stream", "redis", "sql.js", "sqlite3", "ts-node", "typeorm-aurora-data-api-driver"], "bin": { "typeorm": "cli.js", "typeorm-ts-node-commonjs": "cli-ts-node-commonjs.js", "typeorm-ts-node-esm": "cli-ts-node-esm.js" } }, ""],

    "typescript": ["typescript@6.0.3", "", { "bin": { "tsc": "bin/tsc", "tsserver": "bin/tsserver" } }, ""],

    "uid-safe": ["uid-safe@2.1.5", "", { "dependencies": { "random-bytes": "~1.0.0" } }, ""],

    "uid2": ["uid2@1.0.0", "", {}, ""],

    "undici-types": ["undici-types@7.19.2", "", {}, ""],

    "unpipe": ["unpipe@1.0.0", "", {}, ""],

    "util-deprecate": ["util-deprecate@1.0.2", "", {}, ""],

    "utils-merge": ["utils-merge@1.0.1", "", {}, ""],

    "uuid": ["uuid@14.0.0", "", { "bin": "dist-node/bin/uuid" }, ""],

    "vary": ["vary@1.1.2", "", {}, ""],

    "wasm-feature-detect": ["wasm-feature-detect@1.8.0", "", {}, "sha512-zksaLKM2fVlnB5jQQDqKXXwYHLQUVH9es+5TOOHwGOVJOCeRBCiPjwSg+3tN2AdTCzjgli4jijCH290kXb/zWQ=="],

    "webidl-conversions": ["webidl-conversions@3.0.1", "", {}, "sha512-2JAn3z8AR6rjK8Sm8orRC0h/bcl/DqL7tRPdGZ4I1CjdF+EaMLmYxBHyXuKL849eucPFhvBoxMsflfOb8kxaeQ=="],

    "whatwg-url": ["whatwg-url@5.0.0", "", { "dependencies": { "tr46": "~0.0.3", "webidl-conversions": "^3.0.0" } }, "sha512-saE57nupxk6v3HY35+jzBwYa0rKSy0XR8JSxZPwgLr7ys0IBzhGviA1/TUGJLmSVqs8pb9AnvICXEuOHLprYTw=="],

    "which": ["which@2.0.2", "", { "dependencies": { "isexe": "^2.0.0" }, "bin": { "node-which": "bin/node-which" } }, ""],

    "which-typed-array": ["which-typed-array@1.1.20", "", { "dependencies": { "available-typed-arrays": "^1.0.7", "call-bind": "^1.0.8", "call-bound": "^1.0.4", "for-each": "^0.3.5", "get-proto": "^1.0.1", "gopd": "^1.2.0", "has-tostringtag": "^1.0.2" } }, ""],

    "wmf": ["wmf@1.0.2", "", {}, "sha512-/p9K7bEh0Dj6WbXg4JG0xvLQmIadrner1bi45VMJTfnbVHsc7yIajZyoSoK60/dtVBs12Fm6WkUI5/3WAVsNMw=="],

    "word": ["word@0.3.0", "", {}, "sha512-OELeY0Q61OXpdUfTp+oweA/vtLVg5VDOXh+3he3PNzLGG/y0oylSOC1xRVj0+l4vQ3tj/bB1HVHv1ocXkQceFA=="],

    "wrap-ansi": ["wrap-ansi@7.0.0", "", { "dependencies": { "ansi-styles": "^4.0.0", "string-width": "^4.1.0", "strip-ansi": "^6.0.0" } }, ""],

    "wrap-ansi-cjs": ["wrap-ansi@7.0.0", "", { "dependencies": { "ansi-styles": "^4.0.0", "string-width": "^4.1.0", "strip-ansi": "^6.0.0" } }, ""],

    "ws": ["ws@8.18.3", "", { "peerDependencies": { "bufferutil": "^4.0.1", "utf-8-validate": ">=5.0.2" }, "optionalPeers": ["bufferutil", "utf-8-validate"] }, ""],

    "xlsx": ["xlsx@0.18.5", "", { "dependencies": { "adler-32": "~1.3.0", "cfb": "~1.2.1", "codepage": "~1.15.0", "crc-32": "~1.2.1", "ssf": "~0.11.2", "wmf": "~1.0.1", "word": "~0.3.0" }, "bin": { "xlsx": "bin/xlsx.njs" } }, "sha512-dmg3LCjBPHZnQp5/F/+nnTa+miPJxUXB6vtk42YjBBKayDNagxGEeIdWApkYPOf3Z3pm3k62Knjzp7lMeTEtFQ=="],

    "y18n": ["y18n@5.0.8", "", {}, ""],

    "yargs": ["yargs@17.7.2", "", { "dependencies": { "cliui": "^8.0.1", "escalade": "^3.1.1", "get-caller-file": "^2.0.5", "require-directory": "^2.1.1", "string-width": "^4.2.3", "y18n": "^5.0.5", "yargs-parser": "^21.1.1" } }, ""],

    "yargs-parser": ["yargs-parser@21.1.1", "", {}, ""],

    "zlibjs": ["zlibjs@0.3.1", "", {}, "sha512-+J9RrgTKOmlxFSDHo0pI1xM6BLVUv+o0ZT9ANtCxGkjIVCCUdx9alUF8Gm+dGLKbkkkidWIHFDZHDMpfITt4+w=="],

    "@isaacs/cliui/string-width": ["string-width@5.1.2", "", { "dependencies": { "eastasianwidth": "^0.2.0", "emoji-regex": "^9.2.2", "strip-ansi": "^7.0.1" } }, ""],

    "@isaacs/cliui/strip-ansi": ["strip-ansi@7.2.0", "", { "dependencies": { "ansi-regex": "^6.2.2" } }, ""],

    "@isaacs/cliui/wrap-ansi": ["wrap-ansi@8.1.0", "", { "dependencies": { "ansi-styles": "^6.1.0", "string-width": "^5.0.1", "strip-ansi": "^7.0.1" } }, ""],

    "accepts/negotiator": ["negotiator@0.6.3", "", {}, ""],

    "basic-auth/safe-buffer": ["safe-buffer@5.1.2", "", {}, ""],

    "body-parser/debug": ["debug@2.6.9", "", { "dependencies": { "ms": "2.0.0" } }, ""],

    "body-parser/http-errors": ["http-errors@2.0.1", "", { "dependencies": { "depd": "~2.0.0", "inherits": "~2.0.4", "setprototypeof": "~1.2.0", "statuses": "~2.0.2", "toidentifier": "~1.0.1" } }, ""],

    "body-parser/qs": ["qs@6.15.1", "", { "dependencies": { "side-channel": "^1.1.0" } }, ""],

    "compression/debug": ["debug@2.6.9", "", { "dependencies": { "ms": "2.0.0" } }, ""],

    "connect-typeorm/debug": ["debug@4.4.3", "", { "dependencies": { "ms": "^2.1.3" } }, ""],

    "cookie-parser/cookie-signature": ["cookie-signature@1.0.6", "", {}, ""],

    "csurf/cookie": ["cookie@0.4.0", "", {}, ""],

    "csurf/cookie-signature": ["cookie-signature@1.0.6", "", {}, ""],

    "engine.io/debug": ["debug@4.4.3", "", { "dependencies": { "ms": "^2.1.3" } }, ""],

    "express/cookie-signature": ["cookie-signature@1.0.6", "", {}, ""],

    "express/debug": ["debug@2.6.9", "", { "dependencies": { "ms": "2.0.0" } }, ""],

    "express/http-errors": ["http-errors@2.0.1", "", { "dependencies": { "depd": "~2.0.0", "inherits": "~2.0.4", "setprototypeof": "~1.2.0", "statuses": "~2.0.2", "toidentifier": "~1.0.1" } }, ""],

    "express-session/cookie-signature": ["cookie-signature@1.0.7", "", {}, ""],

    "express-session/debug": ["debug@2.6.9", "", { "dependencies": { "ms": "2.0.0" } }, ""],

    "finalhandler/debug": ["debug@2.6.9", "", { "dependencies": { "ms": "2.0.0" } }, ""],

    "http-errors/depd": ["depd@1.1.2", "", {}, ""],

    "http-errors/setprototypeof": ["setprototypeof@1.1.1", "", {}, ""],

    "http-errors/statuses": ["statuses@1.5.0", "", {}, ""],

    "ioredis/debug": ["debug@4.4.3", "", { "dependencies": { "ms": "^2.1.3" } }, ""],

    "mongodb-connection-string-url/whatwg-url": ["whatwg-url@14.2.0", "", { "dependencies": { "tr46": "^5.1.0", "webidl-conversions": "^7.0.0" } }, ""],

    "morgan/debug": ["debug@2.6.9", "", { "dependencies": { "ms": "2.0.0" } }, ""],

    "morgan/on-finished": ["on-finished@2.3.0", "", { "dependencies": { "ee-first": "1.1.1" } }, ""],

    "path-scurry/minipass": ["minipass@7.1.3", "", {}, ""],

    "pino-http/pino": ["pino@10.3.1", "", { "dependencies": { "@pinojs/redact": "^0.4.0", "atomic-sleep": "^1.0.0", "on-exit-leak-free": "^2.1.0", "pino-abstract-transport": "^3.0.0", "pino-std-serializers": "^7.0.0", "process-warning": "^5.0.0", "quick-format-unescaped": "^4.0.3", "real-require": "^0.2.0", "safe-stable-stringify": "^2.3.1", "sonic-boom": "^4.0.1", "thread-stream": "^4.0.0" }, "bin": "bin.js" }, ""],

    "raw-body/http-errors": ["http-errors@2.0.1", "", { "dependencies": { "depd": "~2.0.0", "inherits": "~2.0.4", "setprototypeof": "~1.2.0", "statuses": "~2.0.2", "toidentifier": "~1.0.1" } }, ""],

    "send/debug": ["debug@2.6.9", "", { "dependencies": { "ms": "2.0.0" } }, ""],

    "send/http-errors": ["http-errors@2.0.1", "", { "dependencies": { "depd": "~2.0.0", "inherits": "~2.0.4", "setprototypeof": "~1.2.0", "statuses": "~2.0.2", "toidentifier": "~1.0.1" } }, ""],

    "socket.io/debug": ["debug@4.4.3", "", { "dependencies": { "ms": "^2.1.3" } }, ""],

    "socket.io-adapter/debug": ["debug@4.4.3", "", { "dependencies": { "ms": "^2.1.3" } }, ""],

    "socket.io-parser/debug": ["debug@4.4.3", "", { "dependencies": { "ms": "^2.1.3" } }, ""],

    "typeorm/debug": ["debug@4.4.3", "", { "dependencies": { "ms": "^2.1.3" } }, ""],

    "typeorm/uuid": ["uuid@11.1.1", "", { "bin": "dist/esm/bin/uuid" }, ""],

    "@isaacs/cliui/string-width/emoji-regex": ["emoji-regex@9.2.2", "", {}, ""],

    "@isaacs/cliui/strip-ansi/ansi-regex": ["ansi-regex@6.2.2", "", {}, ""],

    "@isaacs/cliui/wrap-ansi/ansi-styles": ["ansi-styles@6.2.3", "", {}, ""],

    "body-parser/debug/ms": ["ms@2.0.0", "", {}, ""],

    "body-parser/http-errors/toidentifier": ["toidentifier@1.0.1", "", {}, ""],

    "compression/debug/ms": ["ms@2.0.0", "", {}, ""],

    "express-session/debug/ms": ["ms@2.0.0", "", {}, ""],

    "express/debug/ms": ["ms@2.0.0", "", {}, ""],

    "express/http-errors/toidentifier": ["toidentifier@1.0.1", "", {}, ""],

    "finalhandler/debug/ms": ["ms@2.0.0", "", {}, ""],

    "mongodb-connection-string-url/whatwg-url/tr46": ["tr46@5.1.1", "", { "dependencies": { "punycode": "^2.3.1" } }, ""],

    "mongodb-connection-string-url/whatwg-url/webidl-conversions": ["webidl-conversions@7.0.0", "", {}, ""],

    "morgan/debug/ms": ["ms@2.0.0", "", {}, ""],

    "pino-http/pino/pino-abstract-transport": ["pino-abstract-transport@3.0.0", "", { "dependencies": { "split2": "^4.0.0" } }, ""],

    "pino-http/pino/thread-stream": ["thread-stream@4.0.0", "", { "dependencies": { "real-require": "^0.2.0" } }, ""],

    "raw-body/http-errors/toidentifier": ["toidentifier@1.0.1", "", {}, ""],

    "send/debug/ms": ["ms@2.0.0", "", {}, ""],

    "send/http-errors/toidentifier": ["toidentifier@1.0.1", "", {}, ""],
  }
}
